# This file is autogenerated, do not edit; changes may be undone by the next 'dep ensure'.


[[projects]]
  branch = "master"
  digest = "1:2c00f064ba355903866cbfbf3f7f4c0fe64af6638cc7d1b8bdcf3181bc67f1d8"
  name = "github.com/btcsuite/btcd"
  packages = ["btcec"]
  pruneopts = "UT"
  revision = "cf05f92c3f815bbd5091ed6c73eff51f7b1945e8"

[[projects]]
  digest = "1:97282df622c13f1b7dd5ea5be5ed73e392113547df4907f67c3bbdcfe63a7e9c"
  name = "github.com/ethereum/go-ethereum"
  packages = [
    "common",
    "common/hexutil",
    "common/math",
    "crypto",
    "crypto/secp256k1",
    "crypto/sha3",
    "rlp",
  ]
  pruneopts = "UT"
  revision = "225171a4bfcc16bd12a1906b1e0d43d0b18c353b"
  version = "v1.8.13"

[[projects]]
  digest = "1:704b145137b5555c6bac6a7e52875e4df8a0a1b7ea74aaae864abcab61e672b0"
  name = "github.com/go-kit/kit"
  packages = [
    "log",
    "log/level",
    "log/term",
  ]
  pruneopts = "UT"
  revision = "4dc7be5d2d12881735283bcab7352178e190fc71"
  version = "v0.6.0"

[[projects]]
  digest = "1:31a18dae27a29aa074515e43a443abfd2ba6deb6d69309d8d7ce789c45f34659"
  name = "github.com/go-logfmt/logfmt"
  packages = ["."]
  pruneopts = "UT"
  revision = "390ab7935ee28ec6b286364bba9b4dd6410cb3d5"
  version = "v0.3.0"

[[projects]]
  digest = "1:c4a2528ccbcabf90f9f3c464a5fc9e302d592861bbfd0b7135a7de8a943d0406"
  name = "github.com/go-stack/stack"
  packages = ["."]
  pruneopts = "UT"
  revision = "259ab82a6cad3992b4e21ff5cac294ccb06474bc"
  version = "v1.7.0"

[[projects]]
  digest = "1:35621fe20f140f05a0c4ef662c26c0ab4ee50bca78aa30fe87d33120bd28165e"
  name = "github.com/gogo/protobuf"
  packages = [
    "gogoproto",
    "jsonpb",
    "proto",
    "protoc-gen-gogo/descriptor",
    "sortkeys",
    "types",
  ]
  pruneopts = "UT"
  revision = "636bf0302bc95575d69441b25a2603156ffdddf1"
  version = "v1.1.1"

[[projects]]
  digest = "1:17fe264ee908afc795734e8c4e63db2accabaf57326dbf21763a7d6b86096260"
  name = "github.com/golang/protobuf"
  packages = [
    "proto",
    "ptypes",
    "ptypes/any",
    "ptypes/duration",
    "ptypes/timestamp",
  ]
  pruneopts = "UT"
  revision = "b4deda0973fb4c70b50d226b1af49f3da59f5265"
  version = "v1.1.0"

[[projects]]
  branch = "master"
  digest = "1:4a0c6bb4805508a6287675fac876be2ac1182539ca8a32468d8128882e9d5009"
  name = "github.com/golang/snappy"
  packages = ["."]
  pruneopts = "UT"
  revision = "2e65f85255dbc3072edf28d6b5b8efc472979f5a"

[[projects]]
  branch = "master"
  digest = "1:39b27d1381a30421f9813967a5866fba35dc1d4df43a6eefe3b7a5444cb07214"
  name = "github.com/jmhodges/levigo"
  packages = ["."]
  pruneopts = "UT"
  revision = "c42d9e0ca023e2198120196f842701bb4c55d7b9"

[[projects]]
  branch = "master"
  digest = "1:a64e323dc06b73892e5bb5d040ced475c4645d456038333883f58934abbf6f72"
  name = "github.com/kr/logfmt"
  packages = ["."]
  pruneopts = "UT"
  revision = "b84e30acd515aadc4b783ad4ff83aff3299bdfe0"

[[projects]]
  digest = "1:40e195917a951a8bf867cd05de2a46aaf1806c50cf92eebf4c16f78cd196f747"
  name = "github.com/pkg/errors"
  packages = ["."]
  pruneopts = "UT"
  revision = "645ef00459ed84a119197bfb8d8205042c6df63d"
  version = "v0.8.0"

[[projects]]
  branch = "master"
  digest = "1:b3cfb8d82b1601a846417c3f31c03a7961862cb2c98dcf0959c473843e6d9a2b"
  name = "github.com/syndtr/goleveldb"
  packages = [
    "leveldb",
    "leveldb/cache",
    "leveldb/comparer",
    "leveldb/errors",
    "leveldb/filter",
    "leveldb/iterator",
    "leveldb/journal",
    "leveldb/memdb",
    "leveldb/opt",
    "leveldb/storage",
    "leveldb/table",
    "leveldb/util",
  ]
  pruneopts = "UT"
  revision = "c4c61651e9e37fa117f53c5a906d3b63090d8445"

[[projects]]
  digest = "1:650875347eb4e161d330cdb53ffc816f3733dc1ebc195000ba3fa4997171f27c"
  name = "github.com/tendermint/tendermint"
  packages = [
    "abci/server",
    "abci/types",
    "libs/common",
    "libs/log",
  ]
  pruneopts = "UT"
  revision = "d542d2c3945116697f60451e6a407082c41c3cc9"
  version = "v0.22.8"

[[projects]]
  digest = "1:f66f7a4940150cc63a6cf4c24adb9752ee9f713f9f43a279a04feb939531f216"
  name = "github.com/tendermint/tmlibs"
  packages = [
    "common",
    "db",
    "log",
  ]
  pruneopts = "UT"
  revision = "49596e0a1f48866603813df843c9409fc19805c6"
  version = "v0.9.0"

[[projects]]
  digest = "1:68349a8c755738add0b9dcc25e5bfcbc11862520e0dfa9ebd32d8b489d7d4971"
  name = "golang.org/x/net"
  packages = [
    "context",
    "http/httpguts",
    "http2",
    "http2/hpack",
    "idna",
    "internal/timeseries",
    "trace",
  ]
  pruneopts = "UT"
  revision = "292b43bbf7cb8d35ddf40f8d5100ef3837cced3f"

[[projects]]
  digest = "1:a2ab62866c75542dd18d2b069fec854577a20211d7c0ea6ae746072a1dccdd18"
  name = "golang.org/x/text"
  packages = [
    "collate",
    "collate/build",
    "internal/colltab",
    "internal/gen",
    "internal/tag",
    "internal/triegen",
    "internal/ucd",
    "language",
    "secure/bidirule",
    "transform",
    "unicode/bidi",
    "unicode/cldr",
    "unicode/norm",
    "unicode/rangetable",
  ]
  pruneopts = "UT"
  revision = "f21a4dfb5e38f5895301dc265a8def02365cc3d0"
  version = "v0.3.0"

[[projects]]
  branch = "master"
  digest = "1:077c1c599507b3b3e9156d17d36e1e61928ee9b53a5b420f10f28ebd4a0b275c"
  name = "google.golang.org/genproto"
  packages = ["googleapis/rpc/status"]
  pruneopts = "UT"
  revision = "daca94659cb50e9f37c1b834680f2e46358f10b0"

[[projects]]
  digest = "1:2dab32a43451e320e49608ff4542fdfc653c95dcc35d0065ec9c6c3dd540ed74"
  name = "google.golang.org/grpc"
  packages = [
    ".",
    "balancer",
    "balancer/base",
    "balancer/roundrobin",
    "codes",
    "connectivity",
    "credentials",
    "encoding",
    "encoding/proto",
    "grpclog",
    "internal",
    "internal/backoff",
    "internal/channelz",
    "internal/grpcrand",
    "keepalive",
    "metadata",
    "naming",
    "peer",
    "resolver",
    "resolver/dns",
    "resolver/passthrough",
    "stats",
    "status",
    "tap",
    "transport",
  ]
  pruneopts = "UT"
  revision = "168a6198bcb0ef175f7dacec0b8691fc141dc9b8"
  version = "v1.13.0"

[solve-meta]
  analyzer-name = "dep"
  analyzer-version = 1
  input-imports = [
    "github.com/ethereum/go-ethereum/common",
    "github.com/ethereum/go-ethereum/crypto",
    "github.com/tendermint/tendermint/abci/server",
    "github.com/tendermint/tendermint/abci/types",
    "github.com/tendermint/tmlibs/common",
    "github.com/tendermint/tmlibs/db",
  ]
  solver-name = "gps-cdcl"
  solver-version = 1
